
Microsoft Visual Studio Solution File, Format Version 12.00
# Visual Studio Version 16
VisualStudioVersion = 16.0.30621.155
MinimumVisualStudioVersion = 10.0.40219.1
Project("{FAE04EC0-301F-11D3-BF4B-00C04F79EFBC}") = "schemeforfarmer_Project_VS", "schemeforfarmer_Project_VS\schemeforfarmer_Project_VS.csproj", "{5940CAC2-A294-4780-93DA-444E0ECFCE24}"
EndProject
Global
	GlobalSection(SolutionConfigurationPlatforms) = preSolution
		Debug|Any CPU = Debug|Any CPU
		Release|Any CPU = Release|Any CPU
	EndGlobalSection
	GlobalSection(ProjectConfigurationPlatforms) = postSolution
		{5940CAC2-A294-4780-93DA-444E0ECFCE24}.Debug|Any CPU.ActiveCfg = Debug|Any CPU
		{5940CAC2-A294-4780-93DA-444E0ECFCE24}.Debug|Any CPU.Build.0 = Debug|Any CPU
		{5940CAC2-A294-4780-93DA-444E0ECFCE24}.Release|Any CPU.ActiveCfg = Release|Any CPU
		{5940CAC2-A294-4780-93DA-444E0ECFCE24}.Release|Any CPU.Build.0 = Release|Any CPU
	EndGlobalSection
	GlobalSection(SolutionProperties) = preSolution
		HideSolutionNode = FALSE
	EndGlobalSection
	GlobalSection(ExtensibilityGlobals) = postSolution
		SolutionGuid = {C6FDE221-BA45-4EBE-B7AC-22DD014F8DC6}
	EndGlobalSection
EndGlobal
